
Microsoft Visual Studio Solution File, Format Version 12.00
# Visual Studio Version 17
VisualStudioVersion = 17.5.33516.290
MinimumVisualStudioVersion = 10.0.40219.1
Project("{FAE04EC0-301F-11D3-BF4B-00C04F79EFBC}") = "loops practice", "loops practice\loops practice.csproj", "{FD4F300A-30CB-4CFC-8C1B-CB52B1463477}"
EndProject
Global
	GlobalSection(SolutionConfigurationPlatforms) = preSolution
		Debug|Any CPU = Debug|Any CPU
		Release|Any CPU = Release|Any CPU
	EndGlobalSection
	GlobalSection(ProjectConfigurationPlatforms) = postSolution
		{FD4F300A-30CB-4CFC-8C1B-CB52B1463477}.Debug|Any CPU.ActiveCfg = Debug|Any CPU
		{FD4F300A-30CB-4CFC-8C1B-CB52B1463477}.Debug|Any CPU.Build.0 = Debug|Any CPU
		{FD4F300A-30CB-4CFC-8C1B-CB52B1463477}.Release|Any CPU.ActiveCfg = Release|Any CPU
		{FD4F300A-30CB-4CFC-8C1B-CB52B1463477}.Release|Any CPU.Build.0 = Release|Any CPU
	EndGlobalSection
	GlobalSection(SolutionProperties) = preSolution
		HideSolutionNode = FALSE
	EndGlobalSection
	GlobalSection(ExtensibilityGlobals) = postSolution
		SolutionGuid = {F25AF393-9951-4BD0-BE3A-2A2FA111C9C4}
	EndGlobalSection
EndGlobal
